
Microsoft Visual Studio Solution File, Format Version 12.00
# Visual Studio 2015
Project("{FAE04EC0-301F-11D3-BF4B-00C04F79EFBC}") = "Awfulsidescrollerpart1-midway.CSharp", "Awfulsidescrollerpart1-midway.CSharp.csproj", "{DA7DE1AE-CF74-80DA-41EB-F5C761C02280}"
EndProject
Global
	GlobalSection(SolutionConfigurationPlatforms) = preSolution
		Debug|Any CPU = Debug|Any CPU
		Release|Any CPU = Release|Any CPU
	EndGlobalSection
	GlobalSection(ProjectConfigurationPlatforms) = postSolution
		{DA7DE1AE-CF74-80DA-41EB-F5C761C02280}.Debug|Any CPU.ActiveCfg = Debug|Any CPU
		{DA7DE1AE-CF74-80DA-41EB-F5C761C02280}.Debug|Any CPU.Build.0 = Debug|Any CPU
		{DA7DE1AE-CF74-80DA-41EB-F5C761C02280}.Release|Any CPU.ActiveCfg = Release|Any CPU
		{DA7DE1AE-CF74-80DA-41EB-F5C761C02280}.Release|Any CPU.Build.0 = Release|Any CPU
	EndGlobalSection
	GlobalSection(SolutionProperties) = preSolution
		HideSolutionNode = FALSE
	EndGlobalSection
EndGlobal
